
Microsoft Visual Studio Solution File, Format Version 12.00
# Visual Studio Version 16
VisualStudioVersion = 16.0.31205.134
MinimumVisualStudioVersion = 10.0.40219.1
Project("{2150E333-8FDC-42A3-9474-1A3956D46DE8}") = "src", "src", "{BB91AC93-EF66-425C-8B77-24F6D8A0C461}"
EndProject
Project("{2150E333-8FDC-42A3-9474-1A3956D46DE8}") = "Services", "Services", "{2A01B425-C48E-4070-99AB-3B5A9B514662}"
EndProject
Project("{2150E333-8FDC-42A3-9474-1A3956D46DE8}") = "User", "User", "{0AB944FE-8360-44AA-A313-044221B9EC7D}"
EndProject
Project("{9A19103F-16F7-4668-BE54-9A1E7A4F7556}") = "User.Api", "src\Services\User\User.Api\User.Api.csproj", "{B2111E4A-D5E8-4633-A8C7-987D6808442C}"
EndProject
Project("{9A19103F-16F7-4668-BE54-9A1E7A4F7556}") = "User.Domain", "src\Services\User\User.Domain\User.Domain.csproj", "{91AA6F66-D5A0-44EE-A565-6EF5269D9347}"
EndProject
Project("{9A19103F-16F7-4668-BE54-9A1E7A4F7556}") = "User.Infrastructure", "src\Services\User\User.Infrastructure\User.Infrastructure.csproj", "{F12B5F3A-F696-4BDA-BFE6-7B75B87C3309}"
EndProject
Project("{9A19103F-16F7-4668-BE54-9A1E7A4F7556}") = "User.Application", "src\Services\User\User.Application\User.Application.csproj", "{386D8128-9DB6-4507-92CA-FBC91ECEBCF3}"
EndProject
Project("{E53339B2-1760-4266-BCC7-CA923CBCF16C}") = "docker-compose", "docker-compose.dcproj", "{BCC36344-1B5D-4528-ACD0-822D4E4D2BDF}"
EndProject
Project("{FAE04EC0-301F-11D3-BF4B-00C04F79EFBC}") = "Auth", "src\Services\Auth\Auth.csproj", "{F0F68335-510F-4A04-8707-8F724A51BC8A}"
EndProject
Project("{2150E333-8FDC-42A3-9474-1A3956D46DE8}") = "ApiGateway", "ApiGateway", "{9FD9B3BD-F0E7-4989-94B7-DDD791DFC599}"
EndProject
Project("{FAE04EC0-301F-11D3-BF4B-00C04F79EFBC}") = "ApiGateway", "src\ApiGateway\ApiGateway.csproj", "{8C588B0C-3087-4F73-AAEC-527A36C93D7F}"
EndProject
Global
	GlobalSection(SolutionConfigurationPlatforms) = preSolution
		Debug|Any CPU = Debug|Any CPU
		Release|Any CPU = Release|Any CPU
	EndGlobalSection
	GlobalSection(ProjectConfigurationPlatforms) = postSolution
		{B2111E4A-D5E8-4633-A8C7-987D6808442C}.Debug|Any CPU.ActiveCfg = Debug|Any CPU
		{B2111E4A-D5E8-4633-A8C7-987D6808442C}.Debug|Any CPU.Build.0 = Debug|Any CPU
		{B2111E4A-D5E8-4633-A8C7-987D6808442C}.Release|Any CPU.ActiveCfg = Release|Any CPU
		{B2111E4A-D5E8-4633-A8C7-987D6808442C}.Release|Any CPU.Build.0 = Release|Any CPU
		{91AA6F66-D5A0-44EE-A565-6EF5269D9347}.Debug|Any CPU.ActiveCfg = Debug|Any CPU
		{91AA6F66-D5A0-44EE-A565-6EF5269D9347}.Debug|Any CPU.Build.0 = Debug|Any CPU
		{91AA6F66-D5A0-44EE-A565-6EF5269D9347}.Release|Any CPU.ActiveCfg = Release|Any CPU
		{91AA6F66-D5A0-44EE-A565-6EF5269D9347}.Release|Any CPU.Build.0 = Release|Any CPU
		{F12B5F3A-F696-4BDA-BFE6-7B75B87C3309}.Debug|Any CPU.ActiveCfg = Debug|Any CPU
		{F12B5F3A-F696-4BDA-BFE6-7B75B87C3309}.Debug|Any CPU.Build.0 = Debug|Any CPU
		{F12B5F3A-F696-4BDA-BFE6-7B75B87C3309}.Release|Any CPU.ActiveCfg = Release|Any CPU
		{F12B5F3A-F696-4BDA-BFE6-7B75B87C3309}.Release|Any CPU.Build.0 = Release|Any CPU
		{386D8128-9DB6-4507-92CA-FBC91ECEBCF3}.Debug|Any CPU.ActiveCfg = Debug|Any CPU
		{386D8128-9DB6-4507-92CA-FBC91ECEBCF3}.Debug|Any CPU.Build.0 = Debug|Any CPU
		{386D8128-9DB6-4507-92CA-FBC91ECEBCF3}.Release|Any CPU.ActiveCfg = Release|Any CPU
		{386D8128-9DB6-4507-92CA-FBC91ECEBCF3}.Release|Any CPU.Build.0 = Release|Any CPU
		{BCC36344-1B5D-4528-ACD0-822D4E4D2BDF}.Debug|Any CPU.ActiveCfg = Debug|Any CPU
		{BCC36344-1B5D-4528-ACD0-822D4E4D2BDF}.Debug|Any CPU.Build.0 = Debug|Any CPU
		{BCC36344-1B5D-4528-ACD0-822D4E4D2BDF}.Release|Any CPU.ActiveCfg = Release|Any CPU
		{BCC36344-1B5D-4528-ACD0-822D4E4D2BDF}.Release|Any CPU.Build.0 = Release|Any CPU
		{F0F68335-510F-4A04-8707-8F724A51BC8A}.Debug|Any CPU.ActiveCfg = Debug|Any CPU
		{F0F68335-510F-4A04-8707-8F724A51BC8A}.Debug|Any CPU.Build.0 = Debug|Any CPU
		{F0F68335-510F-4A04-8707-8F724A51BC8A}.Release|Any CPU.ActiveCfg = Release|Any CPU
		{F0F68335-510F-4A04-8707-8F724A51BC8A}.Release|Any CPU.Build.0 = Release|Any CPU
		{8C588B0C-3087-4F73-AAEC-527A36C93D7F}.Debug|Any CPU.ActiveCfg = Debug|Any CPU
		{8C588B0C-3087-4F73-AAEC-527A36C93D7F}.Debug|Any CPU.Build.0 = Debug|Any CPU
		{8C588B0C-3087-4F73-AAEC-527A36C93D7F}.Release|Any CPU.ActiveCfg = Release|Any CPU
		{8C588B0C-3087-4F73-AAEC-527A36C93D7F}.Release|Any CPU.Build.0 = Release|Any CPU
	EndGlobalSection
	GlobalSection(SolutionProperties) = preSolution
		HideSolutionNode = FALSE
	EndGlobalSection
	GlobalSection(NestedProjects) = preSolution
		{2A01B425-C48E-4070-99AB-3B5A9B514662} = {BB91AC93-EF66-425C-8B77-24F6D8A0C461}
		{0AB944FE-8360-44AA-A313-044221B9EC7D} = {2A01B425-C48E-4070-99AB-3B5A9B514662}
		{B2111E4A-D5E8-4633-A8C7-987D6808442C} = {0AB944FE-8360-44AA-A313-044221B9EC7D}
		{91AA6F66-D5A0-44EE-A565-6EF5269D9347} = {0AB944FE-8360-44AA-A313-044221B9EC7D}
		{F12B5F3A-F696-4BDA-BFE6-7B75B87C3309} = {0AB944FE-8360-44AA-A313-044221B9EC7D}
		{386D8128-9DB6-4507-92CA-FBC91ECEBCF3} = {0AB944FE-8360-44AA-A313-044221B9EC7D}
		{F0F68335-510F-4A04-8707-8F724A51BC8A} = {2A01B425-C48E-4070-99AB-3B5A9B514662}
		{9FD9B3BD-F0E7-4989-94B7-DDD791DFC599} = {BB91AC93-EF66-425C-8B77-24F6D8A0C461}
		{8C588B0C-3087-4F73-AAEC-527A36C93D7F} = {9FD9B3BD-F0E7-4989-94B7-DDD791DFC599}
	EndGlobalSection
	GlobalSection(ExtensibilityGlobals) = postSolution
		SolutionGuid = {223D30EC-DA0A-44B2-B46C-BBA44EAF3B1C}
	EndGlobalSection
EndGlobal
